
Microsoft Visual Studio Solution File, Format Version 12.00
# Visual Studio Version 17
VisualStudioVersion = 17.5.33502.453
MinimumVisualStudioVersion = 10.0.40219.1
Project("{FAE04EC0-301F-11D3-BF4B-00C04F79EFBC}") = "UserManagement", "UserManagement\UserManagement.csproj", "{1B47E095-C077-4F94-93A9-3B3E5B6EFC16}"
EndProject
Project("{FAE04EC0-301F-11D3-BF4B-00C04F79EFBC}") = "Domain", "Domain\Domain.csproj", "{EFDE1825-8EDB-4789-BA47-78E7B8CD6A26}"
EndProject
Project("{FAE04EC0-301F-11D3-BF4B-00C04F79EFBC}") = "Infarstructure", "Infarstructure\Infarstructure.csproj", "{B8D08F70-62F6-438D-AB2D-FF6521569657}"
EndProject
Global
	GlobalSection(SolutionConfigurationPlatforms) = preSolution
		Debug|Any CPU = Debug|Any CPU
		Release|Any CPU = Release|Any CPU
	EndGlobalSection
	GlobalSection(ProjectConfigurationPlatforms) = postSolution
		{1B47E095-C077-4F94-93A9-3B3E5B6EFC16}.Debug|Any CPU.ActiveCfg = Debug|Any CPU
		{1B47E095-C077-4F94-93A9-3B3E5B6EFC16}.Debug|Any CPU.Build.0 = Debug|Any CPU
		{1B47E095-C077-4F94-93A9-3B3E5B6EFC16}.Release|Any CPU.ActiveCfg = Release|Any CPU
		{1B47E095-C077-4F94-93A9-3B3E5B6EFC16}.Release|Any CPU.Build.0 = Release|Any CPU
		{EFDE1825-8EDB-4789-BA47-78E7B8CD6A26}.Debug|Any CPU.ActiveCfg = Debug|Any CPU
		{EFDE1825-8EDB-4789-BA47-78E7B8CD6A26}.Debug|Any CPU.Build.0 = Debug|Any CPU
		{EFDE1825-8EDB-4789-BA47-78E7B8CD6A26}.Release|Any CPU.ActiveCfg = Release|Any CPU
		{EFDE1825-8EDB-4789-BA47-78E7B8CD6A26}.Release|Any CPU.Build.0 = Release|Any CPU
		{B8D08F70-62F6-438D-AB2D-FF6521569657}.Debug|Any CPU.ActiveCfg = Debug|Any CPU
		{B8D08F70-62F6-438D-AB2D-FF6521569657}.Debug|Any CPU.Build.0 = Debug|Any CPU
		{B8D08F70-62F6-438D-AB2D-FF6521569657}.Release|Any CPU.ActiveCfg = Release|Any CPU
		{B8D08F70-62F6-438D-AB2D-FF6521569657}.Release|Any CPU.Build.0 = Release|Any CPU
	EndGlobalSection
	GlobalSection(SolutionProperties) = preSolution
		HideSolutionNode = FALSE
	EndGlobalSection
	GlobalSection(ExtensibilityGlobals) = postSolution
		SolutionGuid = {A9A270E7-3798-44AF-A0F1-A145D33FA520}
	EndGlobalSection
EndGlobal
